
Microsoft Visual Studio Solution File, Format Version 12.00
# Visual Studio 14
VisualStudioVersion = 14.0.25420.1
MinimumVisualStudioVersion = 10.0.40219.1
Project("{FAE04EC0-301F-11D3-BF4B-00C04F79EFBC}") = "DataAccessLayer", "DataAccessLayer\DataAccessLayer.csproj", "{D08B743A-5CCA-4B56-AA1C-FA1ABF67A938}"
	ProjectSection(ProjectDependencies) = postProject
		{E5AF9DC2-C5F0-47FC-A5D5-F86759805B67} = {E5AF9DC2-C5F0-47FC-A5D5-F86759805B67}
	EndProjectSection
EndProject
Project("{FAE04EC0-301F-11D3-BF4B-00C04F79EFBC}") = "BusinessObject", "BusinessObject\BusinessObject.csproj", "{36BDF876-796D-4516-B6A2-A410892D8485}"
EndProject
Project("{FAE04EC0-301F-11D3-BF4B-00C04F79EFBC}") = "Ayurware.Web", "TradeSuiteApp.Web\Ayurware.Web.csproj", "{C38F5101-F23B-433D-91DB-2B9C60732944}"
	ProjectSection(ProjectDependencies) = postProject
		{36BDF876-796D-4516-B6A2-A410892D8485} = {36BDF876-796D-4516-B6A2-A410892D8485}
	EndProjectSection
EndProject
Project("{FAE04EC0-301F-11D3-BF4B-00C04F79EFBC}") = "BusinessLayer", "BusinessLayer\BusinessLayer.csproj", "{7FBB57AF-4CD2-402E-B451-40525606DEE2}"
EndProject
Project("{FAE04EC0-301F-11D3-BF4B-00C04F79EFBC}") = "PresentationContractLayer", "PresentationContractLayer\PresentationContractLayer.csproj", "{E5AF9DC2-C5F0-47FC-A5D5-F86759805B67}"
EndProject
Project("{2150E333-8FDC-42A3-9474-1A3956D46DE8}") = "Solution Items", "Solution Items", "{D6DB708F-9E1B-4F56-9CEB-DAE3530D7E72}"
	ProjectSection(SolutionItems) = preProject
		WE-Palette.css = WE-Palette.css
		WebEssentials2015-Settings.json = WebEssentials2015-Settings.json
	EndProjectSection
EndProject
Project("{FAE04EC0-301F-11D3-BF4B-00C04F79EFBC}") = "WebAPI", "WebAPI\WebAPI.csproj", "{F842F41D-2511-4F56-A9F7-AC1975A270A4}"
EndProject
Global
	GlobalSection(SolutionConfigurationPlatforms) = preSolution
		Debug|Any CPU = Debug|Any CPU
		Release|Any CPU = Release|Any CPU
	EndGlobalSection
	GlobalSection(ProjectConfigurationPlatforms) = postSolution
		{D08B743A-5CCA-4B56-AA1C-FA1ABF67A938}.Debug|Any CPU.ActiveCfg = Debug|Any CPU
		{D08B743A-5CCA-4B56-AA1C-FA1ABF67A938}.Debug|Any CPU.Build.0 = Debug|Any CPU
		{D08B743A-5CCA-4B56-AA1C-FA1ABF67A938}.Release|Any CPU.ActiveCfg = Debug|Any CPU
		{D08B743A-5CCA-4B56-AA1C-FA1ABF67A938}.Release|Any CPU.Build.0 = Debug|Any CPU
		{36BDF876-796D-4516-B6A2-A410892D8485}.Debug|Any CPU.ActiveCfg = Debug|Any CPU
		{36BDF876-796D-4516-B6A2-A410892D8485}.Debug|Any CPU.Build.0 = Debug|Any CPU
		{36BDF876-796D-4516-B6A2-A410892D8485}.Release|Any CPU.ActiveCfg = Debug|Any CPU
		{36BDF876-796D-4516-B6A2-A410892D8485}.Release|Any CPU.Build.0 = Debug|Any CPU
		{C38F5101-F23B-433D-91DB-2B9C60732944}.Debug|Any CPU.ActiveCfg = Debug|Any CPU
		{C38F5101-F23B-433D-91DB-2B9C60732944}.Debug|Any CPU.Build.0 = Debug|Any CPU
		{C38F5101-F23B-433D-91DB-2B9C60732944}.Release|Any CPU.ActiveCfg = Debug|Any CPU
		{C38F5101-F23B-433D-91DB-2B9C60732944}.Release|Any CPU.Build.0 = Debug|Any CPU
		{7FBB57AF-4CD2-402E-B451-40525606DEE2}.Debug|Any CPU.ActiveCfg = Debug|Any CPU
		{7FBB57AF-4CD2-402E-B451-40525606DEE2}.Debug|Any CPU.Build.0 = Debug|Any CPU
		{7FBB57AF-4CD2-402E-B451-40525606DEE2}.Release|Any CPU.ActiveCfg = Debug|Any CPU
		{7FBB57AF-4CD2-402E-B451-40525606DEE2}.Release|Any CPU.Build.0 = Debug|Any CPU
		{E5AF9DC2-C5F0-47FC-A5D5-F86759805B67}.Debug|Any CPU.ActiveCfg = Debug|Any CPU
		{E5AF9DC2-C5F0-47FC-A5D5-F86759805B67}.Debug|Any CPU.Build.0 = Debug|Any CPU
		{E5AF9DC2-C5F0-47FC-A5D5-F86759805B67}.Release|Any CPU.ActiveCfg = Debug|Any CPU
		{E5AF9DC2-C5F0-47FC-A5D5-F86759805B67}.Release|Any CPU.Build.0 = Debug|Any CPU
		{F842F41D-2511-4F56-A9F7-AC1975A270A4}.Debug|Any CPU.ActiveCfg = Debug|Any CPU
		{F842F41D-2511-4F56-A9F7-AC1975A270A4}.Debug|Any CPU.Build.0 = Debug|Any CPU
		{F842F41D-2511-4F56-A9F7-AC1975A270A4}.Release|Any CPU.ActiveCfg = Release|Any CPU
		{F842F41D-2511-4F56-A9F7-AC1975A270A4}.Release|Any CPU.Build.0 = Release|Any CPU
	EndGlobalSection
	GlobalSection(SolutionProperties) = preSolution
		HideSolutionNode = FALSE
	EndGlobalSection
	GlobalSection(ExtensibilityGlobals) = postSolution
		SolutionGuid = {AE3CB50B-D973-4E2B-B9FB-5FEEBC24D6C5}
	EndGlobalSection
	GlobalSection(TeamFoundationVersionControl) = preSolution
		SccNumberOfProjects = 7
		SccEnterpriseProvider = {4CA58AB2-18FA-4F8D-95D4-32DDF27D184C}
		SccTeamFoundationServer = https://nahala.visualstudio.com/
		SccLocalPath0 = .
		SccProjectUniqueName1 = DataAccessLayer\\DataAccessLayer.csproj
		SccProjectName1 = DataAccessLayer
		SccLocalPath1 = DataAccessLayer
		SccProjectUniqueName2 = BusinessObject\\BusinessObject.csproj
		SccProjectName2 = BusinessObject
		SccLocalPath2 = BusinessObject
		SccProjectUniqueName3 = TradeSuiteApp.Web\\Ayurware.Web.csproj
		SccProjectName3 = TradeSuiteApp.Web
		SccLocalPath3 = TradeSuiteApp.Web
		SccProjectUniqueName4 = BusinessLayer\\BusinessLayer.csproj
		SccProjectName4 = BusinessLayer
		SccLocalPath4 = BusinessLayer
		SccProjectUniqueName5 = PresentationContractLayer\\PresentationContractLayer.csproj
		SccProjectName5 = PresentationContractLayer
		SccLocalPath5 = PresentationContractLayer
		SccProjectUniqueName6 = WebAPI\\WebAPI.csproj
		SccProjectName6 = WebAPI
		SccLocalPath6 = WebAPI
	EndGlobalSection
EndGlobal
